#MicroXplorer Configuration settings - do not modify
ADC1.AutoInjectedConv=DISABLE
ADC1.Channel-25\#ChannelRegularConversion=ADC_CHANNEL_16
ADC1.ClockPrescaler=ADC_CLOCK_ASYNC_DIV1
ADC1.ContinuousConvMode=ENABLE
ADC1.DMAContinuousRequests=DISABLE
ADC1.DataAlign=ADC_DATAALIGN_RIGHT
ADC1.DiscontinuousConvMode=DISABLE
ADC1.EOCSelection=ADC_EOC_SINGLE_CONV
ADC1.EnableAnalogWatchDog1=false
ADC1.EnableAnalogWatchDog2=false
ADC1.EnableAnalogWatchDog3=false
ADC1.EnableInjectedConversion=ENABLE
ADC1.EnableInjectedOversampling=DISABLE
ADC1.EnableRegularConversion=ENABLE
ADC1.ExternalTrigConv=ADC_SOFTWARE_START
ADC1.ExternalTrigConvEdge=ADC_EXTERNALTRIGCONVEDGE_NONE
ADC1.ExternalTrigInjecConv=ADC_INJECTED_SOFTWARE_START
ADC1.ExternalTrigInjecConvEdge=ADC_EXTERNALTRIGINJECCONV_EDGE_NONE
ADC1.IPParameters=Rank-25\#ChannelRegularConversion,Channel-25\#ChannelRegularConversion,SamplingTime-25\#ChannelRegularConversion,OffsetNumber-25\#ChannelRegularConversion,NbrOfConversionFlag,master,ContinuousConvMode,Overrun,EnableInjectedConversion,InjectedRank-26\#ChannelInjectedConversion,InjectedChannel-26\#ChannelInjectedConversion,InjectedSamplingTime-26\#ChannelInjectedConversion,InjectedOffsetNumber-26\#ChannelInjectedConversion,InjectedRank-27\#ChannelInjectedConversion,InjectedChannel-27\#ChannelInjectedConversion,InjectedSamplingTime-27\#ChannelInjectedConversion,InjectedOffsetNumber-27\#ChannelInjectedConversion,InjNumberOfConversion,AutoInjectedConv,InjectedDiscontinuousConvMode,SingleDiff-25\#ChannelRegularConversion,InjectedSingleDiff-26\#ChannelInjectedConversion,InjectedSingleDiff-27\#ChannelInjectedConversion,ClockPrescaler,Resolution,DataAlign,ScanConvMode,DiscontinuousConvMode,DMAContinuousRequests,EOCSelection,LowPowerAutoWait,EnableRegularConversion,OversamplingMode,NbrOfConversion,ExternalTrigConv,ExternalTrigConvEdge,EnableInjectedOversampling,ExternalTrigInjecConv,ExternalTrigInjecConvEdge,InjectedConvMode,InjectedQueue,EnableAnalogWatchDog1,EnableAnalogWatchDog2,EnableAnalogWatchDog3
ADC1.InjNumberOfConversion=2
ADC1.InjectedChannel-26\#ChannelInjectedConversion=ADC_CHANNEL_TEMPSENSOR
ADC1.InjectedChannel-27\#ChannelInjectedConversion=ADC_CHANNEL_1
ADC1.InjectedConvMode=None
ADC1.InjectedDiscontinuousConvMode=DISABLE
ADC1.InjectedOffsetNumber-26\#ChannelInjectedConversion=ADC_OFFSET_NONE
ADC1.InjectedOffsetNumber-27\#ChannelInjectedConversion=ADC_OFFSET_NONE
ADC1.InjectedQueue=DISABLE
ADC1.InjectedRank-26\#ChannelInjectedConversion=1
ADC1.InjectedRank-27\#ChannelInjectedConversion=2
ADC1.InjectedSamplingTime-26\#ChannelInjectedConversion=ADC_SAMPLETIME_247CYCLES_5
ADC1.InjectedSamplingTime-27\#ChannelInjectedConversion=ADC_SAMPLETIME_247CYCLES_5
ADC1.InjectedSingleDiff-26\#ChannelInjectedConversion=ADC_SINGLE_ENDED
ADC1.InjectedSingleDiff-27\#ChannelInjectedConversion=ADC_SINGLE_ENDED
ADC1.LowPowerAutoWait=DISABLE
ADC1.NbrOfConversion=1
ADC1.NbrOfConversionFlag=1
ADC1.OffsetNumber-25\#ChannelRegularConversion=ADC_OFFSET_NONE
ADC1.Overrun=ADC_OVR_DATA_OVERWRITTEN
ADC1.OversamplingMode=DISABLE
ADC1.Rank-25\#ChannelRegularConversion=1
ADC1.Resolution=ADC_RESOLUTION_12B
ADC1.SamplingTime-25\#ChannelRegularConversion=ADC_SAMPLETIME_2CYCLES_5
ADC1.ScanConvMode=ADC_SCAN_ENABLE
ADC1.SingleDiff-25\#ChannelRegularConversion=ADC_SINGLE_ENDED
ADC1.master=1
Dma.Request0=USART1_TX
Dma.RequestsNb=1
Dma.USART1_TX.0.Direction=DMA_MEMORY_TO_PERIPH
Dma.USART1_TX.0.Instance=DMA1_Channel4
Dma.USART1_TX.0.MemDataAlignment=DMA_MDATAALIGN_BYTE
Dma.USART1_TX.0.MemInc=DMA_MINC_ENABLE
Dma.USART1_TX.0.Mode=DMA_NORMAL
Dma.USART1_TX.0.PeriphDataAlignment=DMA_PDATAALIGN_BYTE
Dma.USART1_TX.0.PeriphInc=DMA_PINC_DISABLE
Dma.USART1_TX.0.Priority=DMA_PRIORITY_LOW
Dma.USART1_TX.0.RequestParameters=Instance,Direction,PeriphInc,MemInc,PeriphDataAlignment,MemDataAlignment,Mode,Priority
FREERTOS.FootprintOK=true
FREERTOS.INCLUDE_vTaskDelayUntil=1
FREERTOS.INCLUDE_xTaskAbortDelay=1
FREERTOS.INCLUDE_xTaskGetCurrentTaskHandle=1
FREERTOS.INCLUDE_xTaskGetHandle=1
FREERTOS.IPParameters=Tasks01,FootprintOK,configTOTAL_HEAP_SIZE,configUSE_IDLE_HOOK,configUSE_TICK_HOOK,configGENERATE_RUN_TIME_STATS,INCLUDE_vTaskDelayUntil,INCLUDE_xTaskGetCurrentTaskHandle,configUSE_ALTERNATIVE_API,configMAX_TASK_NAME_LEN,Queues01,configUSE_MUTEXES,MEMORY_ALLOCATION,INCLUDE_xTaskGetHandle,INCLUDE_xTaskAbortDelay
FREERTOS.MEMORY_ALLOCATION=2
FREERTOS.Queues01=printQueue,16,void*,NULL,Static,printfQueueBuffer,printfQueueControlBlock
FREERTOS.Tasks01=defaultTask,0,128,StartDefaultTask,Default,NULL,Static,defaultTaskBuffer,defaultTaskControlBlock;cmdTask,3,128,StartCMDTask,Default,NULL,Static,cmdTaskBuffer,cmdTaskControlBlock;mpuTask,2,256,StartMPUTask,Default,NULL,Static,mpuTaskBuffer,mpuTaskControlBlock;adcTask,2,128,StartADCTask,Default,NULL,Static,adcTaskBuffer,adcTaskControlBlock;printfGateKeeperTask,-1,128,StartPrintfGateKeeperTask,Default,NULL,Static,printfGateKeeperTaskBuffer,printfGateKeeperTaskControlBlock
FREERTOS.configGENERATE_RUN_TIME_STATS=0
FREERTOS.configMAX_TASK_NAME_LEN=64
FREERTOS.configTOTAL_HEAP_SIZE=0x8000
FREERTOS.configUSE_ALTERNATIVE_API=0
FREERTOS.configUSE_IDLE_HOOK=1
FREERTOS.configUSE_MUTEXES=0
FREERTOS.configUSE_TICK_HOOK=1
File.Version=6
I2C1.I2C_Fall_Time=60
I2C1.I2C_Rise_Time=60
I2C1.I2C_Speed_Mode=I2C_Fast
I2C1.IPParameters=Timing,I2C_Speed_Mode,OwnAddress2Masks,Speed,I2C_Rise_Time,I2C_Fall_Time,OwnAddress
I2C1.OwnAddress=0
I2C1.OwnAddress2Masks=I2C_OA2_NOMASK
I2C1.Speed=400
I2C1.Timing=0x00C02C84
IWDG.IPParameters=Prescaler
IWDG.Prescaler=IWDG_PRESCALER_64
KeepUserPlacement=false
Mcu.Family=STM32L4
Mcu.IP0=ADC1
Mcu.IP1=DMA
Mcu.IP10=USART1
Mcu.IP2=FREERTOS
Mcu.IP3=I2C1
Mcu.IP4=IWDG
Mcu.IP5=NVIC
Mcu.IP6=RCC
Mcu.IP7=RTC
Mcu.IP8=SPI2
Mcu.IP9=SYS
Mcu.IPNb=11
Mcu.Name=STM32L476R(C-E-G)Tx
Mcu.Package=LQFP64
Mcu.Pin0=PC13
Mcu.Pin1=PC14/OSC32_IN
Mcu.Pin10=PA10
Mcu.Pin11=PA13
Mcu.Pin12=PA14
Mcu.Pin13=PB6
Mcu.Pin14=PB9
Mcu.Pin15=VP_ADC1_TempSens_Input
Mcu.Pin16=VP_ADC1_Vref_Input
Mcu.Pin17=VP_ADC1_Vbat_Input
Mcu.Pin18=VP_FREERTOS_VS_ENABLE
Mcu.Pin19=VP_IWDG_VS_IWDG
Mcu.Pin2=PC15/OSC32_OUT
Mcu.Pin20=VP_RTC_VS_RTC_Activate
Mcu.Pin21=VP_SYS_VS_tim6
Mcu.Pin3=PC0
Mcu.Pin4=PC2
Mcu.Pin5=PC3
Mcu.Pin6=PA5
Mcu.Pin7=PB1
Mcu.Pin8=PB13
Mcu.Pin9=PA9
Mcu.PinsNb=22
Mcu.UserConstants=
Mcu.UserName=STM32L476RGTx
MxCube.Version=4.20.0
MxDb.Version=DB.4.0.200
NVIC.BusFault_IRQn=true\:0\:0\:false\:false\:true\:false
NVIC.DMA1_Channel4_IRQn=true\:10\:0\:true\:false\:true\:true
NVIC.DebugMonitor_IRQn=true\:0\:0\:false\:false\:true\:false
NVIC.EXTI15_10_IRQn=true\:14\:0\:true\:false\:true\:true
NVIC.HardFault_IRQn=true\:0\:0\:false\:false\:true\:false
NVIC.MemoryManagement_IRQn=true\:0\:0\:false\:false\:true\:false
NVIC.NonMaskableInt_IRQn=true\:0\:0\:false\:false\:true\:false
NVIC.PendSV_IRQn=true\:15\:0\:false\:false\:false\:true
NVIC.PriorityGroup=NVIC_PRIORITYGROUP_4
NVIC.SVCall_IRQn=true\:0\:0\:false\:false\:false\:false
NVIC.SysTick_IRQn=true\:15\:0\:false\:false\:true\:true
NVIC.TIM6_DAC_IRQn=true\:0\:0\:false\:false\:true\:false
NVIC.TimeBase=TIM6_DAC_IRQn
NVIC.TimeBaseIP=TIM6
NVIC.USART1_IRQn=true\:15\:0\:true\:false\:true\:true
NVIC.UsageFault_IRQn=true\:0\:0\:false\:false\:true\:false
PA10.Mode=Asynchronous
PA10.Signal=USART1_RX
PA13.Mode=Serial_Wire
PA13.Signal=SYS_JTMS-SWDIO
PA14.Mode=Serial_Wire
PA14.Signal=SYS_JTCK-SWCLK
PA5.GPIOParameters=GPIO_Label
PA5.GPIO_Label=LED
PA5.Locked=true
PA5.Signal=GPIO_Output
PA9.Mode=Asynchronous
PA9.Signal=USART1_TX
PB1.Signal=ADCx_IN16
PB13.Mode=Full_Duplex_Master
PB13.Signal=SPI2_SCK
PB6.Mode=I2C
PB6.Signal=I2C1_SCL
PB9.Mode=I2C
PB9.Signal=I2C1_SDA
PC0.Signal=ADCx_IN1
PC13.GPIOParameters=GPIO_PuPd,GPIO_Label
PC13.GPIO_Label=BUTTON
PC13.GPIO_PuPd=GPIO_PULLUP
PC13.Locked=true
PC13.Signal=GPXTI13
PC14/OSC32_IN.Mode=LSE-External-Oscillator
PC14/OSC32_IN.Signal=RCC_OSC32_IN
PC15/OSC32_OUT.Mode=LSE-External-Oscillator
PC15/OSC32_OUT.Signal=RCC_OSC32_OUT
PC2.Mode=Full_Duplex_Master
PC2.Signal=SPI2_MISO
PC3.Mode=Full_Duplex_Master
PC3.Signal=SPI2_MOSI
PCC.Checker=true
PCC.Line=STM32L4x6
PCC.MCU=STM32L476R(C-E-G)Tx
PCC.MXVersion=4.20.0
PCC.PartNumber=STM32L476RGTx
PCC.Seq0=0
PCC.Series=STM32L4
PCC.Temperature=25
PCC.Vdd=null
ProjectManager.AskForMigrate=true
ProjectManager.BackupPrevious=false
ProjectManager.CompilerOptimize=2
ProjectManager.ComputerToolchain=false
ProjectManager.CoupleFile=true
ProjectManager.CustomerFirmwarePackage=C\:/Users/KONGZELUN/STM32Cube/Repository/STM32Cube_FW_L4_V1.7.0
ProjectManager.DefaultFWLocation=true
ProjectManager.DeletePrevious=true
ProjectManager.DeviceId=STM32L476RGTx
ProjectManager.FirmwarePackage=STM32Cube FW_L4 V1.7.0
ProjectManager.FreePins=false
ProjectManager.HalAssertFull=false
ProjectManager.HeapSize=0x200
ProjectManager.KeepUserCode=true
ProjectManager.LastFirmware=true
ProjectManager.LibraryCopy=0
ProjectManager.PreviousToolchain=
ProjectManager.ProjectBuild=false
ProjectManager.ProjectFileName=NUCLEO-L476RG.ioc
ProjectManager.ProjectName=NUCLEO-L476RG
ProjectManager.StackSize=0x1000
ProjectManager.TargetToolchain=MDK-ARM V5
ProjectManager.ToolChainLocation=
ProjectManager.UnderRoot=false
ProjectManager.functionlistsort=1-MX_GPIO_Init-GPIO-false-HAL,2-MX_DMA_Init-DMA-false-HAL,3-SystemClock_Config-RCC-false-HAL,4-MX_ADC1_Init-ADC1-false-HAL,5-MX_I2C1_Init-I2C1-false-HAL,6-MX_IWDG_Init-IWDG-false-HAL,7-MX_RTC_Init-RTC-false-HAL,8-MX_SPI2_Init-SPI2-false-HAL,9-MX_USART1_UART_Init-USART1-false-HAL
RCC.ADCFreq_Value=80000000
RCC.AHBCLKDivider=RCC_SYSCLK_DIV1
RCC.AHBFreq_Value=80000000
RCC.APB1CLKDivider=RCC_HCLK_DIV1
RCC.APB1Freq_Value=80000000
RCC.APB1TimFreq_Value=80000000
RCC.APB2CLKDivider=RCC_HCLK_DIV1
RCC.APB2Freq_Value=80000000
RCC.APB2TimFreq_Value=80000000
RCC.ClockTypeHCLK=RCC_CLOCKTYPE_HCLK
RCC.ClockTypePCLK1=RCC_CLOCKTYPE_PCLK1
RCC.ClockTypePCLK2=RCC_CLOCKTYPE_PCLK2
RCC.ClockTypeSysClk=RCC_CLOCKTYPE_SYSCLK
RCC.CortexFreq_Value=80000000
RCC.Cortex_Div=SYSTICK_CLKSOURCE_HCLK
RCC.DATA_CACHE_ENABLE=1
RCC.DFSDMFreq_Value=80000000
RCC.EnableCSSLSE=false
RCC.EnbaleCSS=false
RCC.FCLKCortexFreq_Value=80000000
RCC.FLatency=FLASH_LATENCY_4
RCC.FamilyName=M
RCC.HCLKFreq_Value=80000000
RCC.HSE_VALUE=32000000
RCC.HSI_VALUE=16000000
RCC.I2C1Freq_Value=80000000
RCC.I2C2Freq_Value=80000000
RCC.I2C3Freq_Value=80000000
RCC.INSTRUCTION_CACHE_ENABLE=1
RCC.IPParameters=ADCFreq_Value,AHBCLKDivider,AHBFreq_Value,APB1CLKDivider,APB1Freq_Value,APB1TimFreq_Value,APB2CLKDivider,APB2Freq_Value,APB2TimFreq_Value,ClockTypeHCLK,ClockTypePCLK1,ClockTypePCLK2,ClockTypeSysClk,CortexFreq_Value,Cortex_Div,DATA_CACHE_ENABLE,DFSDMFreq_Value,EnableCSSLSE,EnbaleCSS,FCLKCortexFreq_Value,FLatency,FamilyName,HCLKFreq_Value,HSE_VALUE,HSI_VALUE,I2C1Freq_Value,I2C2Freq_Value,I2C3Freq_Value,INSTRUCTION_CACHE_ENABLE,LCDFreq_Value,LPTIM1Freq_Value,LPTIM2Freq_Value,LPUART1Freq_Value,LSCOPinFreq_Value,LSE_Drive_Capability,LSI_VALUE,MCO1PinFreq_Value,MSIAutoCalibration,MSI_VALUE,PLLM,PLLN,PLLP,PLLPoutputFreq_Value,PLLQ,PLLQoutputFreq_Value,PLLR,PLLRCLKFreq_Value,PLLSAI1N,PLLSAI1P,PLLSAI1PoutputFreq_Value,PLLSAI1Q,PLLSAI1QoutputFreq_Value,PLLSAI1R,PLLSAI1RoutputFreq_Value,PLLSAI2P,PLLSAI2PoutputFreq_Value,PLLSAI2R,PLLSAI2RoutputFreq_Value,PLLSourceVirtual,PREFETCH_ENABLE,PWRFreq_Value,PWR_Regulator_Voltage_Scale,RCC_MCODiv,RNGFreq_Value,RTCClockSelection,RTCFreq_Value,SAI1Freq_Value,SAI2Freq_Value,SDMMCFreq_Value,SWPMI1Freq_Value,SYSCLKFreq_VALUE,SYSCLKSource,UART4Freq_Value,UART5Freq_Value,USART1CLockSelection,USART1Freq_Value,USART2Freq_Value,USART3Freq_Value,USBFreq_Value,VCOInputFreq_Value,VCOOutputFreq_Value,VCOSAI1OutputFreq_Value,VCOSAI2OutputFreq_Value,VDD_VALUE
RCC.LCDFreq_Value=32768
RCC.LPTIM1Freq_Value=80000000
RCC.LPTIM2Freq_Value=80000000
RCC.LPUART1Freq_Value=80000000
RCC.LSCOPinFreq_Value=32000
RCC.LSE_Drive_Capability=RCC_LSEDRIVE_LOW
RCC.LSI_VALUE=32000
RCC.MCO1PinFreq_Value=80000000
RCC.MSIAutoCalibration=DISABLED
RCC.MSI_VALUE=4000000
RCC.PLLM=4
RCC.PLLN=40
RCC.PLLP=RCC_PLLP_DIV7
RCC.PLLPoutputFreq_Value=22857142.85714286
RCC.PLLQ=RCC_PLLQ_DIV2
RCC.PLLQoutputFreq_Value=80000000
RCC.PLLR=RCC_PLLR_DIV2
RCC.PLLRCLKFreq_Value=80000000
RCC.PLLSAI1N=40
RCC.PLLSAI1P=RCC_PLLP_DIV7
RCC.PLLSAI1PoutputFreq_Value=22857142.85714286
RCC.PLLSAI1Q=RCC_PLLQ_DIV2
RCC.PLLSAI1QoutputFreq_Value=80000000
RCC.PLLSAI1R=RCC_PLLR_DIV2
RCC.PLLSAI1RoutputFreq_Value=80000000
RCC.PLLSAI2P=RCC_PLLP_DIV7
RCC.PLLSAI2PoutputFreq_Value=4571428.571428572
RCC.PLLSAI2R=RCC_PLLR_DIV2
RCC.PLLSAI2RoutputFreq_Value=16000000
RCC.PLLSourceVirtual=RCC_PLLSOURCE_HSI
RCC.PREFETCH_ENABLE=1
RCC.PWRFreq_Value=80000000
RCC.PWR_Regulator_Voltage_Scale=PWR_REGULATOR_VOLTAGE_SCALE1
RCC.RCC_MCODiv=RCC_MCODIV_1
RCC.RNGFreq_Value=80000000
RCC.RTCClockSelection=RCC_RTCCLKSOURCE_LSE
RCC.RTCFreq_Value=32768
RCC.SAI1Freq_Value=22857142.85714286
RCC.SAI2Freq_Value=22857142.85714286
RCC.SDMMCFreq_Value=80000000
RCC.SWPMI1Freq_Value=80000000
RCC.SYSCLKFreq_VALUE=80000000
RCC.SYSCLKSource=RCC_SYSCLKSOURCE_PLLCLK
RCC.UART4Freq_Value=80000000
RCC.UART5Freq_Value=80000000
RCC.USART1CLockSelection=RCC_USART1CLKSOURCE_PCLK2
RCC.USART1Freq_Value=80000000
RCC.USART2Freq_Value=80000000
RCC.USART3Freq_Value=80000000
RCC.USBFreq_Value=80000000
RCC.VCOInputFreq_Value=4000000
RCC.VCOOutputFreq_Value=160000000
RCC.VCOSAI1OutputFreq_Value=160000000
RCC.VCOSAI2OutputFreq_Value=32000000
RCC.VDD_VALUE=3.3
RTC.IPParameters=OutPut,OutPutPolarity,OutPutType
RTC.OutPut=RTC_OUTPUT_DISABLE
RTC.OutPutPolarity=RTC_OUTPUT_POLARITY_HIGH
RTC.OutPutType=RTC_OUTPUT_TYPE_OPENDRAIN
SH.ADCx_IN1.0=ADC1_IN1,IN1-Single-Ended
SH.ADCx_IN1.ConfNb=1
SH.ADCx_IN16.0=ADC1_IN16,IN16-Single-Ended
SH.ADCx_IN16.ConfNb=1
SH.GPXTI13.0=GPIO_EXTI13
SH.GPXTI13.ConfNb=1
SPI2.BaudRatePrescaler=SPI_BAUDRATEPRESCALER_2
SPI2.CRCLength=SPI_CRC_LENGTH_DATASIZE
SPI2.CRCPolynomial=7
SPI2.CalculateBaudRate=40.0 MBits/s
SPI2.Direction=SPI_DIRECTION_2LINES
SPI2.IPParameters=Mode,CalculateBaudRate,BaudRatePrescaler,VirtualType,Direction,CRCLength,CRCPolynomial
SPI2.Mode=SPI_MODE_MASTER
SPI2.VirtualType=VM_MASTER
SYS.IPParameters=instance
SYS.instance=TIM6
USART1.BaudRate=460800
USART1.HwFlowCtl-Asynchronous=UART_HWCONTROL_NONE
USART1.IPParameters=WordLength,VirtualMode-Asynchronous,HwFlowCtl-Asynchronous,BaudRate
USART1.VirtualMode-Asynchronous=VM_ASYNC
USART1.WordLength=WORDLENGTH_8B
VP_ADC1_TempSens_Input.Mode=IN-TempSens
VP_ADC1_TempSens_Input.Signal=ADC1_TempSens_Input
VP_ADC1_Vbat_Input.Mode=IN-Vbat
VP_ADC1_Vbat_Input.Signal=ADC1_Vbat_Input
VP_ADC1_Vref_Input.Mode=IN-Vrefint
VP_ADC1_Vref_Input.Signal=ADC1_Vref_Input
VP_FREERTOS_VS_ENABLE.Mode=Enabled
VP_FREERTOS_VS_ENABLE.Signal=FREERTOS_VS_ENABLE
VP_IWDG_VS_IWDG.Mode=IWDG_Activate
VP_IWDG_VS_IWDG.Signal=IWDG_VS_IWDG
VP_RTC_VS_RTC_Activate.Mode=RTC_Enabled
VP_RTC_VS_RTC_Activate.Signal=RTC_VS_RTC_Activate
VP_SYS_VS_tim6.Mode=TIM6
VP_SYS_VS_tim6.Signal=SYS_VS_tim6
board=NUCLEO-L476RG
